
Microsoft Visual Studio Solution File, Format Version 12.00
# Visual Studio 15
VisualStudioVersion = 15.0.26730.16
MinimumVisualStudioVersion = 15.0.26730.10
Project("{9A19103F-16F7-4668-BE54-9A1E7A4F7556}") = "Stack", "Stack\Stack.csproj", "{E435A244-244A-45C3-B190-A05128219E4A}"
EndProject
Project("{9A19103F-16F7-4668-BE54-9A1E7A4F7556}") = "AssertExamples", "AssertExamples\AssertExamples.csproj", "{0435F191-D593-4DF3-8CED-A5721F0BB30D}"
EndProject
Project("{9A19103F-16F7-4668-BE54-9A1E7A4F7556}") = "TraitExtensibility", "TraitExtensibility\TraitExtensibility.csproj", "{EF2D8F8C-2855-4D6D-A3FF-62FF6C9BE855}"
EndProject
Project("{9A19103F-16F7-4668-BE54-9A1E7A4F7556}") = "AssertExtensions", "AssertExtensions\AssertExtensions.csproj", "{532166A3-1043-4167-9E7C-2A02AE2BB2C0}"
EndProject
Project("{9A19103F-16F7-4668-BE54-9A1E7A4F7556}") = "AssumeIdentity", "AssumeIdentity\AssumeIdentity.csproj", "{0EC0B748-428D-4B1C-9790-CFBDD346ECE8}"
EndProject
Project("{9A19103F-16F7-4668-BE54-9A1E7A4F7556}") = "UseCulture", "UseCulture\UseCulture.csproj", "{BB3439D2-FD99-49CE-BFEB-15E599B1784B}"
EndProject
Project("{9A19103F-16F7-4668-BE54-9A1E7A4F7556}") = "CollectionFixtureExample", "CollectionFixtureExample\CollectionFixtureExample.csproj", "{5C2E77A8-EAD1-4508-BE0D-C3ED03311A7F}"
EndProject
Project("{9A19103F-16F7-4668-BE54-9A1E7A4F7556}") = "ClassFixtureExample", "ClassFixtureExample\ClassFixtureExample.csproj", "{CE72BD12-249B-4561-83B5-FCA7287D8700}"
EndProject
Project("{9A19103F-16F7-4668-BE54-9A1E7A4F7556}") = "TestOrderExamples", "TestOrderExamples\TestOrderExamples.csproj", "{AF83CCA8-3DD0-4E64-991E-B8F0141B9322}"
EndProject
Project("{9A19103F-16F7-4668-BE54-9A1E7A4F7556}") = "ObservationExample", "ObservationExample\ObservationExample.csproj", "{03D5A611-AD3A-4035-BA59-3E0875F8E359}"
EndProject
Project("{9A19103F-16F7-4668-BE54-9A1E7A4F7556}") = "RetryFactExample", "RetryFactExample\RetryFactExample.csproj", "{5AD2818A-7A08-4F11-904F-221ED4304258}"
EndProject
Project("{9A19103F-16F7-4668-BE54-9A1E7A4F7556}") = "STAExamples", "STAExamples\STAExamples.csproj", "{F0634DD7-C36B-4CF7-8D50-F8CE969720C3}"
EndProject
Project("{9A19103F-16F7-4668-BE54-9A1E7A4F7556}") = "TestOutputExample", "TestOutputExample\TestOutputExample.csproj", "{57D342C0-2984-4303-B4F1-A055A5C029B9}"
EndProject
Project("{9A19103F-16F7-4668-BE54-9A1E7A4F7556}") = "PartialTrustExample", "PartialTrustExample\PartialTrustExample.csproj", "{19F535B4-8B47-4F45-A5BF-7DEAB9CBB06F}"
EndProject
Project("{9A19103F-16F7-4668-BE54-9A1E7A4F7556}") = "DynamicSkipExample", "DynamicSkipExample\DynamicSkipExample.csproj", "{DC430BD1-F360-4866-8B5C-ADAB8B82CC81}"
EndProject
Project("{9A19103F-16F7-4668-BE54-9A1E7A4F7556}") = "AutoRollbackExample", "AutoRollbackExample\AutoRollbackExample.csproj", "{A1639870-F22A-4AF9-9ED4-921CBBA17CA9}"
EndProject
Project("{9A19103F-16F7-4668-BE54-9A1E7A4F7556}") = "AssemblyFixtureExample", "AssemblyFixtureExample\AssemblyFixtureExample.csproj", "{B2D6E6BF-63CC-4B36-BA99-F1743E7C5AE9}"
EndProject
Project("{9A19103F-16F7-4668-BE54-9A1E7A4F7556}") = "TestRunner", "TestRunner\TestRunner.csproj", "{8B1EE0A8-E68C-45C3-AD87-8DCA1364453B}"
EndProject
Project("{9A19103F-16F7-4668-BE54-9A1E7A4F7556}") = "TheoryDataExamples", "TheoryDataExamples\TheoryDataExamples.csproj", "{3F8F6471-FC04-4A45-B14A-3D23604D2C21}"
EndProject
Project("{9A19103F-16F7-4668-BE54-9A1E7A4F7556}") = "SqlDataExample", "SqlDataExample\SqlDataExample.csproj", "{83FC60A9-2CF0-4EEA-B05C-C76ECE6B0E88}"
EndProject
Project("{2150E333-8FDC-42A3-9474-1A3956D46DE8}") = "Runners", "Runners", "{B7803E9B-8570-4782-B077-4306DF4EE9C7}"
EndProject
Project("{2150E333-8FDC-42A3-9474-1A3956D46DE8}") = "Sample Tests", "Sample Tests", "{1871D9E6-3331-413E-8DD0-0979AA51E26D}"
EndProject
Project("{2150E333-8FDC-42A3-9474-1A3956D46DE8}") = "Test Method Extensibility", "Test Method Extensibility", "{FE254240-9847-459D-B201-16E774688296}"
EndProject
Project("{2150E333-8FDC-42A3-9474-1A3956D46DE8}") = "Theory Data Extensibility", "Theory Data Extensibility", "{CCC20C85-5F1E-481C-AB07-88970F161CC0}"
EndProject
Project("{2150E333-8FDC-42A3-9474-1A3956D46DE8}") = "Test Framework Customization", "Test Framework Customization", "{8F8C48F8-B161-4E6A-9234-FA6B61A994A5}"
EndProject
Project("{2150E333-8FDC-42A3-9474-1A3956D46DE8}") = "Custom Assertions", "Custom Assertions", "{56A42974-17B0-4D44-ABE6-9A8B54E558CF}"
EndProject
Project("{2150E333-8FDC-42A3-9474-1A3956D46DE8}") = "Cross-Cutting Concerns", "Cross-Cutting Concerns", "{CFB13F27-82B8-4D0B-80CC-2D8991C6B0CF}"
EndProject
Project("{2150E333-8FDC-42A3-9474-1A3956D46DE8}") = "Fixture Examples", "Fixture Examples", "{A2C7D453-BDDD-4E23-A8E6-7F5B3664BC54}"
EndProject
Global
	GlobalSection(SolutionConfigurationPlatforms) = preSolution
		Debug|Any CPU = Debug|Any CPU
		Release|Any CPU = Release|Any CPU
	EndGlobalSection
	GlobalSection(ProjectConfigurationPlatforms) = postSolution
		{E435A244-244A-45C3-B190-A05128219E4A}.Debug|Any CPU.ActiveCfg = Debug|Any CPU
		{E435A244-244A-45C3-B190-A05128219E4A}.Debug|Any CPU.Build.0 = Debug|Any CPU
		{E435A244-244A-45C3-B190-A05128219E4A}.Release|Any CPU.ActiveCfg = Release|Any CPU
		{E435A244-244A-45C3-B190-A05128219E4A}.Release|Any CPU.Build.0 = Release|Any CPU
		{0435F191-D593-4DF3-8CED-A5721F0BB30D}.Debug|Any CPU.ActiveCfg = Debug|Any CPU
		{0435F191-D593-4DF3-8CED-A5721F0BB30D}.Debug|Any CPU.Build.0 = Debug|Any CPU
		{0435F191-D593-4DF3-8CED-A5721F0BB30D}.Release|Any CPU.ActiveCfg = Release|Any CPU
		{0435F191-D593-4DF3-8CED-A5721F0BB30D}.Release|Any CPU.Build.0 = Release|Any CPU
		{EF2D8F8C-2855-4D6D-A3FF-62FF6C9BE855}.Debug|Any CPU.ActiveCfg = Debug|Any CPU
		{EF2D8F8C-2855-4D6D-A3FF-62FF6C9BE855}.Debug|Any CPU.Build.0 = Debug|Any CPU
		{EF2D8F8C-2855-4D6D-A3FF-62FF6C9BE855}.Release|Any CPU.ActiveCfg = Release|Any CPU
		{EF2D8F8C-2855-4D6D-A3FF-62FF6C9BE855}.Release|Any CPU.Build.0 = Release|Any CPU
		{532166A3-1043-4167-9E7C-2A02AE2BB2C0}.Debug|Any CPU.ActiveCfg = Debug|Any CPU
		{532166A3-1043-4167-9E7C-2A02AE2BB2C0}.Debug|Any CPU.Build.0 = Debug|Any CPU
		{532166A3-1043-4167-9E7C-2A02AE2BB2C0}.Release|Any CPU.ActiveCfg = Release|Any CPU
		{532166A3-1043-4167-9E7C-2A02AE2BB2C0}.Release|Any CPU.Build.0 = Release|Any CPU
		{0EC0B748-428D-4B1C-9790-CFBDD346ECE8}.Debug|Any CPU.ActiveCfg = Debug|Any CPU
		{0EC0B748-428D-4B1C-9790-CFBDD346ECE8}.Debug|Any CPU.Build.0 = Debug|Any CPU
		{0EC0B748-428D-4B1C-9790-CFBDD346ECE8}.Release|Any CPU.ActiveCfg = Release|Any CPU
		{0EC0B748-428D-4B1C-9790-CFBDD346ECE8}.Release|Any CPU.Build.0 = Release|Any CPU
		{BB3439D2-FD99-49CE-BFEB-15E599B1784B}.Debug|Any CPU.ActiveCfg = Debug|Any CPU
		{BB3439D2-FD99-49CE-BFEB-15E599B1784B}.Debug|Any CPU.Build.0 = Debug|Any CPU
		{BB3439D2-FD99-49CE-BFEB-15E599B1784B}.Release|Any CPU.ActiveCfg = Release|Any CPU
		{BB3439D2-FD99-49CE-BFEB-15E599B1784B}.Release|Any CPU.Build.0 = Release|Any CPU
		{5C2E77A8-EAD1-4508-BE0D-C3ED03311A7F}.Debug|Any CPU.ActiveCfg = Debug|Any CPU
		{5C2E77A8-EAD1-4508-BE0D-C3ED03311A7F}.Debug|Any CPU.Build.0 = Debug|Any CPU
		{5C2E77A8-EAD1-4508-BE0D-C3ED03311A7F}.Release|Any CPU.ActiveCfg = Release|Any CPU
		{5C2E77A8-EAD1-4508-BE0D-C3ED03311A7F}.Release|Any CPU.Build.0 = Release|Any CPU
		{CE72BD12-249B-4561-83B5-FCA7287D8700}.Debug|Any CPU.ActiveCfg = Debug|Any CPU
		{CE72BD12-249B-4561-83B5-FCA7287D8700}.Debug|Any CPU.Build.0 = Debug|Any CPU
		{CE72BD12-249B-4561-83B5-FCA7287D8700}.Release|Any CPU.ActiveCfg = Release|Any CPU
		{CE72BD12-249B-4561-83B5-FCA7287D8700}.Release|Any CPU.Build.0 = Release|Any CPU
		{AF83CCA8-3DD0-4E64-991E-B8F0141B9322}.Debug|Any CPU.ActiveCfg = Debug|Any CPU
		{AF83CCA8-3DD0-4E64-991E-B8F0141B9322}.Debug|Any CPU.Build.0 = Debug|Any CPU
		{AF83CCA8-3DD0-4E64-991E-B8F0141B9322}.Release|Any CPU.ActiveCfg = Release|Any CPU
		{AF83CCA8-3DD0-4E64-991E-B8F0141B9322}.Release|Any CPU.Build.0 = Release|Any CPU
		{03D5A611-AD3A-4035-BA59-3E0875F8E359}.Debug|Any CPU.ActiveCfg = Debug|Any CPU
		{03D5A611-AD3A-4035-BA59-3E0875F8E359}.Debug|Any CPU.Build.0 = Debug|Any CPU
		{03D5A611-AD3A-4035-BA59-3E0875F8E359}.Release|Any CPU.ActiveCfg = Release|Any CPU
		{03D5A611-AD3A-4035-BA59-3E0875F8E359}.Release|Any CPU.Build.0 = Release|Any CPU
		{5AD2818A-7A08-4F11-904F-221ED4304258}.Debug|Any CPU.ActiveCfg = Debug|Any CPU
		{5AD2818A-7A08-4F11-904F-221ED4304258}.Debug|Any CPU.Build.0 = Debug|Any CPU
		{5AD2818A-7A08-4F11-904F-221ED4304258}.Release|Any CPU.ActiveCfg = Release|Any CPU
		{5AD2818A-7A08-4F11-904F-221ED4304258}.Release|Any CPU.Build.0 = Release|Any CPU
		{F0634DD7-C36B-4CF7-8D50-F8CE969720C3}.Debug|Any CPU.ActiveCfg = Debug|Any CPU
		{F0634DD7-C36B-4CF7-8D50-F8CE969720C3}.Debug|Any CPU.Build.0 = Debug|Any CPU
		{F0634DD7-C36B-4CF7-8D50-F8CE969720C3}.Release|Any CPU.ActiveCfg = Release|Any CPU
		{F0634DD7-C36B-4CF7-8D50-F8CE969720C3}.Release|Any CPU.Build.0 = Release|Any CPU
		{57D342C0-2984-4303-B4F1-A055A5C029B9}.Debug|Any CPU.ActiveCfg = Debug|Any CPU
		{57D342C0-2984-4303-B4F1-A055A5C029B9}.Debug|Any CPU.Build.0 = Debug|Any CPU
		{57D342C0-2984-4303-B4F1-A055A5C029B9}.Release|Any CPU.ActiveCfg = Release|Any CPU
		{57D342C0-2984-4303-B4F1-A055A5C029B9}.Release|Any CPU.Build.0 = Release|Any CPU
		{19F535B4-8B47-4F45-A5BF-7DEAB9CBB06F}.Debug|Any CPU.ActiveCfg = Debug|Any CPU
		{19F535B4-8B47-4F45-A5BF-7DEAB9CBB06F}.Debug|Any CPU.Build.0 = Debug|Any CPU
		{19F535B4-8B47-4F45-A5BF-7DEAB9CBB06F}.Release|Any CPU.ActiveCfg = Release|Any CPU
		{19F535B4-8B47-4F45-A5BF-7DEAB9CBB06F}.Release|Any CPU.Build.0 = Release|Any CPU
		{DC430BD1-F360-4866-8B5C-ADAB8B82CC81}.Debug|Any CPU.ActiveCfg = Debug|Any CPU
		{DC430BD1-F360-4866-8B5C-ADAB8B82CC81}.Debug|Any CPU.Build.0 = Debug|Any CPU
		{DC430BD1-F360-4866-8B5C-ADAB8B82CC81}.Release|Any CPU.ActiveCfg = Release|Any CPU
		{DC430BD1-F360-4866-8B5C-ADAB8B82CC81}.Release|Any CPU.Build.0 = Release|Any CPU
		{A1639870-F22A-4AF9-9ED4-921CBBA17CA9}.Debug|Any CPU.ActiveCfg = Debug|Any CPU
		{A1639870-F22A-4AF9-9ED4-921CBBA17CA9}.Debug|Any CPU.Build.0 = Debug|Any CPU
		{A1639870-F22A-4AF9-9ED4-921CBBA17CA9}.Release|Any CPU.ActiveCfg = Release|Any CPU
		{A1639870-F22A-4AF9-9ED4-921CBBA17CA9}.Release|Any CPU.Build.0 = Release|Any CPU
		{B2D6E6BF-63CC-4B36-BA99-F1743E7C5AE9}.Debug|Any CPU.ActiveCfg = Debug|Any CPU
		{B2D6E6BF-63CC-4B36-BA99-F1743E7C5AE9}.Debug|Any CPU.Build.0 = Debug|Any CPU
		{B2D6E6BF-63CC-4B36-BA99-F1743E7C5AE9}.Release|Any CPU.ActiveCfg = Release|Any CPU
		{B2D6E6BF-63CC-4B36-BA99-F1743E7C5AE9}.Release|Any CPU.Build.0 = Release|Any CPU
		{8B1EE0A8-E68C-45C3-AD87-8DCA1364453B}.Debug|Any CPU.ActiveCfg = Debug|Any CPU
		{8B1EE0A8-E68C-45C3-AD87-8DCA1364453B}.Debug|Any CPU.Build.0 = Debug|Any CPU
		{8B1EE0A8-E68C-45C3-AD87-8DCA1364453B}.Release|Any CPU.ActiveCfg = Release|Any CPU
		{8B1EE0A8-E68C-45C3-AD87-8DCA1364453B}.Release|Any CPU.Build.0 = Release|Any CPU
		{3F8F6471-FC04-4A45-B14A-3D23604D2C21}.Debug|Any CPU.ActiveCfg = Debug|Any CPU
		{3F8F6471-FC04-4A45-B14A-3D23604D2C21}.Debug|Any CPU.Build.0 = Debug|Any CPU
		{3F8F6471-FC04-4A45-B14A-3D23604D2C21}.Release|Any CPU.ActiveCfg = Release|Any CPU
		{3F8F6471-FC04-4A45-B14A-3D23604D2C21}.Release|Any CPU.Build.0 = Release|Any CPU
		{83FC60A9-2CF0-4EEA-B05C-C76ECE6B0E88}.Debug|Any CPU.ActiveCfg = Debug|Any CPU
		{83FC60A9-2CF0-4EEA-B05C-C76ECE6B0E88}.Debug|Any CPU.Build.0 = Debug|Any CPU
		{83FC60A9-2CF0-4EEA-B05C-C76ECE6B0E88}.Release|Any CPU.ActiveCfg = Release|Any CPU
		{83FC60A9-2CF0-4EEA-B05C-C76ECE6B0E88}.Release|Any CPU.Build.0 = Release|Any CPU
	EndGlobalSection
	GlobalSection(SolutionProperties) = preSolution
		HideSolutionNode = FALSE
	EndGlobalSection
	GlobalSection(NestedProjects) = preSolution
		{E435A244-244A-45C3-B190-A05128219E4A} = {1871D9E6-3331-413E-8DD0-0979AA51E26D}
		{0435F191-D593-4DF3-8CED-A5721F0BB30D} = {1871D9E6-3331-413E-8DD0-0979AA51E26D}
		{EF2D8F8C-2855-4D6D-A3FF-62FF6C9BE855} = {CFB13F27-82B8-4D0B-80CC-2D8991C6B0CF}
		{532166A3-1043-4167-9E7C-2A02AE2BB2C0} = {56A42974-17B0-4D44-ABE6-9A8B54E558CF}
		{0EC0B748-428D-4B1C-9790-CFBDD346ECE8} = {CFB13F27-82B8-4D0B-80CC-2D8991C6B0CF}
		{BB3439D2-FD99-49CE-BFEB-15E599B1784B} = {CFB13F27-82B8-4D0B-80CC-2D8991C6B0CF}
		{5C2E77A8-EAD1-4508-BE0D-C3ED03311A7F} = {A2C7D453-BDDD-4E23-A8E6-7F5B3664BC54}
		{CE72BD12-249B-4561-83B5-FCA7287D8700} = {A2C7D453-BDDD-4E23-A8E6-7F5B3664BC54}
		{AF83CCA8-3DD0-4E64-991E-B8F0141B9322} = {8F8C48F8-B161-4E6A-9234-FA6B61A994A5}
		{03D5A611-AD3A-4035-BA59-3E0875F8E359} = {8F8C48F8-B161-4E6A-9234-FA6B61A994A5}
		{5AD2818A-7A08-4F11-904F-221ED4304258} = {FE254240-9847-459D-B201-16E774688296}
		{F0634DD7-C36B-4CF7-8D50-F8CE969720C3} = {FE254240-9847-459D-B201-16E774688296}
		{57D342C0-2984-4303-B4F1-A055A5C029B9} = {1871D9E6-3331-413E-8DD0-0979AA51E26D}
		{19F535B4-8B47-4F45-A5BF-7DEAB9CBB06F} = {FE254240-9847-459D-B201-16E774688296}
		{DC430BD1-F360-4866-8B5C-ADAB8B82CC81} = {FE254240-9847-459D-B201-16E774688296}
		{A1639870-F22A-4AF9-9ED4-921CBBA17CA9} = {CFB13F27-82B8-4D0B-80CC-2D8991C6B0CF}
		{B2D6E6BF-63CC-4B36-BA99-F1743E7C5AE9} = {A2C7D453-BDDD-4E23-A8E6-7F5B3664BC54}
		{8B1EE0A8-E68C-45C3-AD87-8DCA1364453B} = {B7803E9B-8570-4782-B077-4306DF4EE9C7}
		{3F8F6471-FC04-4A45-B14A-3D23604D2C21} = {CCC20C85-5F1E-481C-AB07-88970F161CC0}
		{83FC60A9-2CF0-4EEA-B05C-C76ECE6B0E88} = {CCC20C85-5F1E-481C-AB07-88970F161CC0}
	EndGlobalSection
	GlobalSection(ExtensibilityGlobals) = postSolution
		SolutionGuid = {BB4E573C-955C-43EA-AE30-56B11C1C34D9}
	EndGlobalSection
EndGlobal
